
Microsoft Visual Studio Solution File, Format Version 12.00
Project("{FAE04EC0-301F-11D3-BF4B-00C04F79EFBC}") = "MAUI-documentation-project", "MAUI-documentation-project\MAUI-documentation-project.csproj", "{EE06F9B7-CCE6-4771-A700-8B3A6CC81082}"
EndProject
Global
	GlobalSection(SolutionConfigurationPlatforms) = preSolution
		Debug|Any CPU = Debug|Any CPU
		Release|Any CPU = Release|Any CPU
	EndGlobalSection
	GlobalSection(ProjectConfigurationPlatforms) = postSolution
		{EE06F9B7-CCE6-4771-A700-8B3A6CC81082}.Debug|Any CPU.ActiveCfg = Debug|Any CPU
		{EE06F9B7-CCE6-4771-A700-8B3A6CC81082}.Debug|Any CPU.Build.0 = Debug|Any CPU
		{EE06F9B7-CCE6-4771-A700-8B3A6CC81082}.Release|Any CPU.ActiveCfg = Release|Any CPU
		{EE06F9B7-CCE6-4771-A700-8B3A6CC81082}.Release|Any CPU.Build.0 = Release|Any CPU
	EndGlobalSection
EndGlobal
